
Microsoft Visual Studio Solution File, Format Version 12.00
# Visual Studio Version 16
VisualStudioVersion = 16.0.30413.136
MinimumVisualStudioVersion = 10.0.40219.1
Project("{FAE04EC0-301F-11D3-BF4B-00C04F79EFBC}") = "委托", "委托\委托.csproj", "{36F8B28F-A9D8-484D-A64A-F03A4A23D621}"
EndProject
Project("{FAE04EC0-301F-11D3-BF4B-00C04F79EFBC}") = "反射", "反射\反射.csproj", "{1B68FC5B-638F-4551-A7F8-21720873E97F}"
EndProject
Project("{FAE04EC0-301F-11D3-BF4B-00C04F79EFBC}") = "异步多线程", "异步多线程\异步多线程.csproj", "{CA0AAC5D-80A2-4778-9785-FEC7BBC9C77E}"
EndProject
Project("{FAE04EC0-301F-11D3-BF4B-00C04F79EFBC}") = "设计模式", "设计模式\设计模式.csproj", "{2FF670B3-658C-4141-AC6A-0E263CA2902F}"
EndProject
Project("{FAE04EC0-301F-11D3-BF4B-00C04F79EFBC}") = "泛型", "泛型\泛型.csproj", "{4A02C2FB-7706-4687-9632-80B565C1FD4B}"
EndProject
Project("{FAE04EC0-301F-11D3-BF4B-00C04F79EFBC}") = "特性", "特性\特性.csproj", "{03799B18-4154-401C-9EF3-8BBB2E6A4DEA}"
EndProject
Project("{FAE04EC0-301F-11D3-BF4B-00C04F79EFBC}") = "PublicClass", "PublicClass\PublicClass.csproj", "{E1D1A7F8-3E24-464A-BA64-1F32D37EFD97}"
EndProject
Project("{FAE04EC0-301F-11D3-BF4B-00C04F79EFBC}") = "MVCDemo", "MVCDemo\MVCDemo.csproj", "{A04C13D3-65CC-4245-ACD7-C280DAF33C93}"
EndProject
Global
	GlobalSection(SolutionConfigurationPlatforms) = preSolution
		Debug|Any CPU = Debug|Any CPU
		Release|Any CPU = Release|Any CPU
	EndGlobalSection
	GlobalSection(ProjectConfigurationPlatforms) = postSolution
		{36F8B28F-A9D8-484D-A64A-F03A4A23D621}.Debug|Any CPU.ActiveCfg = Debug|Any CPU
		{36F8B28F-A9D8-484D-A64A-F03A4A23D621}.Debug|Any CPU.Build.0 = Debug|Any CPU
		{36F8B28F-A9D8-484D-A64A-F03A4A23D621}.Release|Any CPU.ActiveCfg = Release|Any CPU
		{36F8B28F-A9D8-484D-A64A-F03A4A23D621}.Release|Any CPU.Build.0 = Release|Any CPU
		{1B68FC5B-638F-4551-A7F8-21720873E97F}.Debug|Any CPU.ActiveCfg = Debug|Any CPU
		{1B68FC5B-638F-4551-A7F8-21720873E97F}.Debug|Any CPU.Build.0 = Debug|Any CPU
		{1B68FC5B-638F-4551-A7F8-21720873E97F}.Release|Any CPU.ActiveCfg = Release|Any CPU
		{1B68FC5B-638F-4551-A7F8-21720873E97F}.Release|Any CPU.Build.0 = Release|Any CPU
		{CA0AAC5D-80A2-4778-9785-FEC7BBC9C77E}.Debug|Any CPU.ActiveCfg = Debug|Any CPU
		{CA0AAC5D-80A2-4778-9785-FEC7BBC9C77E}.Debug|Any CPU.Build.0 = Debug|Any CPU
		{CA0AAC5D-80A2-4778-9785-FEC7BBC9C77E}.Release|Any CPU.ActiveCfg = Release|Any CPU
		{CA0AAC5D-80A2-4778-9785-FEC7BBC9C77E}.Release|Any CPU.Build.0 = Release|Any CPU
		{2FF670B3-658C-4141-AC6A-0E263CA2902F}.Debug|Any CPU.ActiveCfg = Debug|Any CPU
		{2FF670B3-658C-4141-AC6A-0E263CA2902F}.Debug|Any CPU.Build.0 = Debug|Any CPU
		{2FF670B3-658C-4141-AC6A-0E263CA2902F}.Release|Any CPU.ActiveCfg = Release|Any CPU
		{2FF670B3-658C-4141-AC6A-0E263CA2902F}.Release|Any CPU.Build.0 = Release|Any CPU
		{4A02C2FB-7706-4687-9632-80B565C1FD4B}.Debug|Any CPU.ActiveCfg = Debug|Any CPU
		{4A02C2FB-7706-4687-9632-80B565C1FD4B}.Debug|Any CPU.Build.0 = Debug|Any CPU
		{4A02C2FB-7706-4687-9632-80B565C1FD4B}.Release|Any CPU.ActiveCfg = Release|Any CPU
		{4A02C2FB-7706-4687-9632-80B565C1FD4B}.Release|Any CPU.Build.0 = Release|Any CPU
		{03799B18-4154-401C-9EF3-8BBB2E6A4DEA}.Debug|Any CPU.ActiveCfg = Debug|Any CPU
		{03799B18-4154-401C-9EF3-8BBB2E6A4DEA}.Debug|Any CPU.Build.0 = Debug|Any CPU
		{03799B18-4154-401C-9EF3-8BBB2E6A4DEA}.Release|Any CPU.ActiveCfg = Release|Any CPU
		{03799B18-4154-401C-9EF3-8BBB2E6A4DEA}.Release|Any CPU.Build.0 = Release|Any CPU
		{E1D1A7F8-3E24-464A-BA64-1F32D37EFD97}.Debug|Any CPU.ActiveCfg = Debug|Any CPU
		{E1D1A7F8-3E24-464A-BA64-1F32D37EFD97}.Debug|Any CPU.Build.0 = Debug|Any CPU
		{E1D1A7F8-3E24-464A-BA64-1F32D37EFD97}.Release|Any CPU.ActiveCfg = Release|Any CPU
		{E1D1A7F8-3E24-464A-BA64-1F32D37EFD97}.Release|Any CPU.Build.0 = Release|Any CPU
		{A04C13D3-65CC-4245-ACD7-C280DAF33C93}.Debug|Any CPU.ActiveCfg = Debug|Any CPU
		{A04C13D3-65CC-4245-ACD7-C280DAF33C93}.Debug|Any CPU.Build.0 = Debug|Any CPU
		{A04C13D3-65CC-4245-ACD7-C280DAF33C93}.Release|Any CPU.ActiveCfg = Release|Any CPU
		{A04C13D3-65CC-4245-ACD7-C280DAF33C93}.Release|Any CPU.Build.0 = Release|Any CPU
	EndGlobalSection
	GlobalSection(SolutionProperties) = preSolution
		HideSolutionNode = FALSE
	EndGlobalSection
	GlobalSection(ExtensibilityGlobals) = postSolution
		SolutionGuid = {AD4A7A44-46A9-4E46-9065-FFF9F3B0E728}
	EndGlobalSection
EndGlobal
